
Microsoft Visual Studio Solution File, Format Version 12.00
# Visual Studio Version 16
VisualStudioVersion = 16.0.32228.343
MinimumVisualStudioVersion = 10.0.40219.1
Project("{FAE04EC0-301F-11D3-BF4B-00C04F79EFBC}") = "Lab04_TicTacToe", "Lab04_TicTacToe\Lab04_TicTacToe.csproj", "{5398F3F4-E589-4964-8119-9243A52B238D}"
EndProject
Global
	GlobalSection(SolutionConfigurationPlatforms) = preSolution
		Debug|Any CPU = Debug|Any CPU
		Release|Any CPU = Release|Any CPU
	EndGlobalSection
	GlobalSection(ProjectConfigurationPlatforms) = postSolution
		{5398F3F4-E589-4964-8119-9243A52B238D}.Debug|Any CPU.ActiveCfg = Debug|Any CPU
		{5398F3F4-E589-4964-8119-9243A52B238D}.Debug|Any CPU.Build.0 = Debug|Any CPU
		{5398F3F4-E589-4964-8119-9243A52B238D}.Release|Any CPU.ActiveCfg = Release|Any CPU
		{5398F3F4-E589-4964-8119-9243A52B238D}.Release|Any CPU.Build.0 = Release|Any CPU
	EndGlobalSection
	GlobalSection(SolutionProperties) = preSolution
		HideSolutionNode = FALSE
	EndGlobalSection
	GlobalSection(ExtensibilityGlobals) = postSolution
		SolutionGuid = {F755898E-B00C-4885-88FA-A7B921220380}
	EndGlobalSection
EndGlobal
